
Microsoft Visual Studio Solution File, Format Version 12.00
# Visual Studio Version 17
VisualStudioVersion = 17.14.36623.8 d17.14
MinimumVisualStudioVersion = 10.0.40219.1
Project("{FAE04EC0-301F-11D3-BF4B-00C04F79EFBC}") = "dnd_catalog_backend", "dnd_catalog_backend.csproj", "{82A771FC-CCC8-4B04-8C2A-784757D94307}"
EndProject
Global
	GlobalSection(SolutionConfigurationPlatforms) = preSolution
		Debug|Any CPU = Debug|Any CPU
		Release|Any CPU = Release|Any CPU
	EndGlobalSection
	GlobalSection(ProjectConfigurationPlatforms) = postSolution
		{82A771FC-CCC8-4B04-8C2A-784757D94307}.Debug|Any CPU.ActiveCfg = Debug|Any CPU
		{82A771FC-CCC8-4B04-8C2A-784757D94307}.Debug|Any CPU.Build.0 = Debug|Any CPU
		{82A771FC-CCC8-4B04-8C2A-784757D94307}.Release|Any CPU.ActiveCfg = Release|Any CPU
		{82A771FC-CCC8-4B04-8C2A-784757D94307}.Release|Any CPU.Build.0 = Release|Any CPU
	EndGlobalSection
	GlobalSection(SolutionProperties) = preSolution
		HideSolutionNode = FALSE
	EndGlobalSection
	GlobalSection(ExtensibilityGlobals) = postSolution
		SolutionGuid = {084A44F2-703C-4257-86A9-143B4CEC67F7}
	EndGlobalSection
EndGlobal
